
Microsoft Visual Studio Solution File, Format Version 12.00
# Visual Studio Version 17
VisualStudioVersion = 17.10.34928.147
MinimumVisualStudioVersion = 10.0.40219.1
Project("{FAE04EC0-301F-11D3-BF4B-00C04F79EFBC}") = "SandSim", "SandSim.csproj", "{FC269BDD-7929-412A-A3E1-CFE0AFB59A74}"
EndProject
Global
	GlobalSection(SolutionConfigurationPlatforms) = preSolution
		Debug|Any CPU = Debug|Any CPU
		Release|Any CPU = Release|Any CPU
	EndGlobalSection
	GlobalSection(ProjectConfigurationPlatforms) = postSolution
		{FC269BDD-7929-412A-A3E1-CFE0AFB59A74}.Debug|Any CPU.ActiveCfg = Debug|Any CPU
		{FC269BDD-7929-412A-A3E1-CFE0AFB59A74}.Debug|Any CPU.Build.0 = Debug|Any CPU
		{FC269BDD-7929-412A-A3E1-CFE0AFB59A74}.Release|Any CPU.ActiveCfg = Release|Any CPU
		{FC269BDD-7929-412A-A3E1-CFE0AFB59A74}.Release|Any CPU.Build.0 = Release|Any CPU
	EndGlobalSection
	GlobalSection(SolutionProperties) = preSolution
		HideSolutionNode = FALSE
	EndGlobalSection
	GlobalSection(ExtensibilityGlobals) = postSolution
		SolutionGuid = {22E7A8A4-C4CF-46EA-A31B-F48B659EAC0C}
	EndGlobalSection
EndGlobal
